
Microsoft Visual Studio Solution File, Format Version 12.00
# Visual Studio Version 16
VisualStudioVersion = 16.0.31321.278
MinimumVisualStudioVersion = 10.0.40219.1
Project("{8BC9CEB8-8B4A-11D0-8D11-00A0C91BC942}") = "Ccommtest_", "Ccommtest_.vcxproj", "{5D030254-14C2-408A-8737-D5B928EC6C52}"
EndProject
Global
	GlobalSection(SolutionConfigurationPlatforms) = preSolution
		Debug|x64 = Debug|x64
		Debug|x86 = Debug|x86
		Release|x64 = Release|x64
		Release|x86 = Release|x86
	EndGlobalSection
	GlobalSection(ProjectConfigurationPlatforms) = postSolution
		{5D030254-14C2-408A-8737-D5B928EC6C52}.Debug|x64.ActiveCfg = Debug|x64
		{5D030254-14C2-408A-8737-D5B928EC6C52}.Debug|x64.Build.0 = Debug|x64
		{5D030254-14C2-408A-8737-D5B928EC6C52}.Debug|x86.ActiveCfg = Debug|Win32
		{5D030254-14C2-408A-8737-D5B928EC6C52}.Debug|x86.Build.0 = Debug|Win32
		{5D030254-14C2-408A-8737-D5B928EC6C52}.Release|x64.ActiveCfg = Release|x64
		{5D030254-14C2-408A-8737-D5B928EC6C52}.Release|x64.Build.0 = Release|x64
		{5D030254-14C2-408A-8737-D5B928EC6C52}.Release|x86.ActiveCfg = Release|Win32
		{5D030254-14C2-408A-8737-D5B928EC6C52}.Release|x86.Build.0 = Release|Win32
	EndGlobalSection
	GlobalSection(SolutionProperties) = preSolution
		HideSolutionNode = FALSE
	EndGlobalSection
	GlobalSection(ExtensibilityGlobals) = postSolution
		SolutionGuid = {B7A0295C-0F9A-4818-BF20-75CDE280C4F5}
	EndGlobalSection
EndGlobal
